
Microsoft Visual Studio Solution File, Format Version 12.00
Project("{FAE04EC0-301F-11D3-BF4B-00C04F79EFBC}") = "AlbumRank", "AlbumRank\AlbumRank.csproj", "{CEDE5736-8ADD-469D-9E1B-ECC94ED8868C}"
EndProject
Global
	GlobalSection(SolutionConfigurationPlatforms) = preSolution
		Debug|Any CPU = Debug|Any CPU
		Release|Any CPU = Release|Any CPU
	EndGlobalSection
	GlobalSection(ProjectConfigurationPlatforms) = postSolution
		{CEDE5736-8ADD-469D-9E1B-ECC94ED8868C}.Debug|Any CPU.ActiveCfg = Debug|Any CPU
		{CEDE5736-8ADD-469D-9E1B-ECC94ED8868C}.Debug|Any CPU.Build.0 = Debug|Any CPU
		{CEDE5736-8ADD-469D-9E1B-ECC94ED8868C}.Release|Any CPU.ActiveCfg = Release|Any CPU
		{CEDE5736-8ADD-469D-9E1B-ECC94ED8868C}.Release|Any CPU.Build.0 = Release|Any CPU
	EndGlobalSection
EndGlobal
