
Microsoft Visual Studio Solution File, Format Version 12.00
Project("{FAE04EC0-301F-11D3-BF4B-00C04F79EFBC}") = "MovieRank", "MovieRank\MovieRank.csproj", "{3A3811E0-276A-4DE4-8F13-CCB80A89AB14}"
EndProject
Project("{FAE04EC0-301F-11D3-BF4B-00C04F79EFBC}") = "MovieRank.Libs", "MovieRank.Libs\MovieRank.Libs.csproj", "{3860FD3B-78F9-4D4B-B94F-71F91CAC4E8A}"
EndProject
Project("{FAE04EC0-301F-11D3-BF4B-00C04F79EFBC}") = "MovieRank.Contracts", "MovieRank.Contracts\MovieRank.Contracts.csproj", "{DDBC3D58-ADBC-4437-A889-59BC5B9E1422}"
EndProject
Project("{2150E333-8FDC-42A3-9474-1A3956D46DE8}") = "Tests", "Tests", "{7C239442-EE72-4D79-8DC6-6DBCA522D707}"
EndProject
Project("{FAE04EC0-301F-11D3-BF4B-00C04F79EFBC}") = "MovieRank.Integration.Tests", "MovieRank.Integration.Tests\MovieRank.Integration.Tests.csproj", "{B23CB71F-3E75-4B5B-8AE1-0AFC7F6AB320}"
EndProject
Global
	GlobalSection(SolutionConfigurationPlatforms) = preSolution
		Debug|Any CPU = Debug|Any CPU
		Release|Any CPU = Release|Any CPU
	EndGlobalSection
	GlobalSection(ProjectConfigurationPlatforms) = postSolution
		{3A3811E0-276A-4DE4-8F13-CCB80A89AB14}.Debug|Any CPU.ActiveCfg = Debug|Any CPU
		{3A3811E0-276A-4DE4-8F13-CCB80A89AB14}.Debug|Any CPU.Build.0 = Debug|Any CPU
		{3A3811E0-276A-4DE4-8F13-CCB80A89AB14}.Release|Any CPU.ActiveCfg = Release|Any CPU
		{3A3811E0-276A-4DE4-8F13-CCB80A89AB14}.Release|Any CPU.Build.0 = Release|Any CPU
		{3860FD3B-78F9-4D4B-B94F-71F91CAC4E8A}.Debug|Any CPU.ActiveCfg = Debug|Any CPU
		{3860FD3B-78F9-4D4B-B94F-71F91CAC4E8A}.Debug|Any CPU.Build.0 = Debug|Any CPU
		{3860FD3B-78F9-4D4B-B94F-71F91CAC4E8A}.Release|Any CPU.ActiveCfg = Release|Any CPU
		{3860FD3B-78F9-4D4B-B94F-71F91CAC4E8A}.Release|Any CPU.Build.0 = Release|Any CPU
		{DDBC3D58-ADBC-4437-A889-59BC5B9E1422}.Debug|Any CPU.ActiveCfg = Debug|Any CPU
		{DDBC3D58-ADBC-4437-A889-59BC5B9E1422}.Debug|Any CPU.Build.0 = Debug|Any CPU
		{DDBC3D58-ADBC-4437-A889-59BC5B9E1422}.Release|Any CPU.ActiveCfg = Release|Any CPU
		{DDBC3D58-ADBC-4437-A889-59BC5B9E1422}.Release|Any CPU.Build.0 = Release|Any CPU
		{B23CB71F-3E75-4B5B-8AE1-0AFC7F6AB320}.Debug|Any CPU.ActiveCfg = Debug|Any CPU
		{B23CB71F-3E75-4B5B-8AE1-0AFC7F6AB320}.Debug|Any CPU.Build.0 = Debug|Any CPU
		{B23CB71F-3E75-4B5B-8AE1-0AFC7F6AB320}.Release|Any CPU.ActiveCfg = Release|Any CPU
		{B23CB71F-3E75-4B5B-8AE1-0AFC7F6AB320}.Release|Any CPU.Build.0 = Release|Any CPU
	EndGlobalSection
	GlobalSection(NestedProjects) = preSolution
		{B23CB71F-3E75-4B5B-8AE1-0AFC7F6AB320} = {7C239442-EE72-4D79-8DC6-6DBCA522D707}
	EndGlobalSection
EndGlobal
