
Microsoft Visual Studio Solution File, Format Version 12.00
Project("{FAE04EC0-301F-11D3-BF4B-00C04F79EFBC}") = "WorkWell.API", "WorkWell.API\WorkWell.API.csproj", "{E5747B82-8AB9-4626-93E9-CE2F02790163}"
EndProject
Global
	GlobalSection(SolutionConfigurationPlatforms) = preSolution
		Debug|Any CPU = Debug|Any CPU
		Release|Any CPU = Release|Any CPU
	EndGlobalSection
	GlobalSection(ProjectConfigurationPlatforms) = postSolution
		{E5747B82-8AB9-4626-93E9-CE2F02790163}.Debug|Any CPU.ActiveCfg = Debug|Any CPU
		{E5747B82-8AB9-4626-93E9-CE2F02790163}.Debug|Any CPU.Build.0 = Debug|Any CPU
		{E5747B82-8AB9-4626-93E9-CE2F02790163}.Release|Any CPU.ActiveCfg = Release|Any CPU
		{E5747B82-8AB9-4626-93E9-CE2F02790163}.Release|Any CPU.Build.0 = Release|Any CPU
	EndGlobalSection
EndGlobal
