
Microsoft Visual Studio Solution File, Format Version 12.00
Project("{FAE04EC0-301F-11D3-BF4B-00C04F79EFBC}") = "BankMvc", "BankMvc\BankMvc.csproj", "{DA6924E3-462F-4659-93A6-E0CAB5205B7F}"
EndProject
Global
	GlobalSection(SolutionConfigurationPlatforms) = preSolution
		Debug|Any CPU = Debug|Any CPU
		Release|Any CPU = Release|Any CPU
	EndGlobalSection
	GlobalSection(ProjectConfigurationPlatforms) = postSolution
		{DA6924E3-462F-4659-93A6-E0CAB5205B7F}.Debug|Any CPU.ActiveCfg = Debug|Any CPU
		{DA6924E3-462F-4659-93A6-E0CAB5205B7F}.Debug|Any CPU.Build.0 = Debug|Any CPU
		{DA6924E3-462F-4659-93A6-E0CAB5205B7F}.Release|Any CPU.ActiveCfg = Release|Any CPU
		{DA6924E3-462F-4659-93A6-E0CAB5205B7F}.Release|Any CPU.Build.0 = Release|Any CPU
	EndGlobalSection
EndGlobal
