
Microsoft Visual Studio Solution File, Format Version 12.00
# Visual Studio Version 17
VisualStudioVersion = 17.0.31903.59
MinimumVisualStudioVersion = 10.0.40219.1
Project("{FAE04EC0-301F-11D3-BF4B-00C04F79EFBC}") = "RandNumGenerator", "RandNumGenerator\RandNumGenerator.csproj", "{780936B1-62B7-4F94-A808-793A1E4399A1}"
EndProject
Project("{FAE04EC0-301F-11D3-BF4B-00C04F79EFBC}") = "AES", "AES\AES.csproj", "{2137C0A5-8336-4F26-BC10-124C187483F0}"
EndProject
Global
	GlobalSection(SolutionConfigurationPlatforms) = preSolution
		Debug|Any CPU = Debug|Any CPU
		Release|Any CPU = Release|Any CPU
	EndGlobalSection
	GlobalSection(SolutionProperties) = preSolution
		HideSolutionNode = FALSE
	EndGlobalSection
	GlobalSection(ProjectConfigurationPlatforms) = postSolution
		{780936B1-62B7-4F94-A808-793A1E4399A1}.Debug|Any CPU.ActiveCfg = Debug|Any CPU
		{780936B1-62B7-4F94-A808-793A1E4399A1}.Debug|Any CPU.Build.0 = Debug|Any CPU
		{780936B1-62B7-4F94-A808-793A1E4399A1}.Release|Any CPU.ActiveCfg = Release|Any CPU
		{780936B1-62B7-4F94-A808-793A1E4399A1}.Release|Any CPU.Build.0 = Release|Any CPU
		{2137C0A5-8336-4F26-BC10-124C187483F0}.Debug|Any CPU.ActiveCfg = Debug|Any CPU
		{2137C0A5-8336-4F26-BC10-124C187483F0}.Debug|Any CPU.Build.0 = Debug|Any CPU
		{2137C0A5-8336-4F26-BC10-124C187483F0}.Release|Any CPU.ActiveCfg = Release|Any CPU
		{2137C0A5-8336-4F26-BC10-124C187483F0}.Release|Any CPU.Build.0 = Release|Any CPU
	EndGlobalSection
EndGlobal
