
Microsoft Visual Studio Solution File, Format Version 12.00
Project("{FAE04EC0-301F-11D3-BF4B-00C04F79EFBC}") = "Web", "Web\Web.csproj", "{D5F4BC9E-3587-42E4-B25B-426E71D25D2A}"
EndProject
Project("{FAE04EC0-301F-11D3-BF4B-00C04F79EFBC}") = "Entities", "Entities\Entities.csproj", "{EAF1378C-324B-4953-BAB5-5CA8DB34B6CB}"
EndProject
Project("{FAE04EC0-301F-11D3-BF4B-00C04F79EFBC}") = "Contracts", "Contracts\Contracts.csproj", "{58AA5E9A-7A09-4157-A4F2-AA69D3CFE402}"
EndProject
Project("{FAE04EC0-301F-11D3-BF4B-00C04F79EFBC}") = "Repositories", "Repositories\Repositories.csproj", "{B45A2AFD-781C-45A2-8394-6F9075EDE83B}"
EndProject
Global
	GlobalSection(SolutionConfigurationPlatforms) = preSolution
		Debug|Any CPU = Debug|Any CPU
		Release|Any CPU = Release|Any CPU
	EndGlobalSection
	GlobalSection(ProjectConfigurationPlatforms) = postSolution
		{D5F4BC9E-3587-42E4-B25B-426E71D25D2A}.Debug|Any CPU.ActiveCfg = Debug|Any CPU
		{D5F4BC9E-3587-42E4-B25B-426E71D25D2A}.Debug|Any CPU.Build.0 = Debug|Any CPU
		{D5F4BC9E-3587-42E4-B25B-426E71D25D2A}.Release|Any CPU.ActiveCfg = Release|Any CPU
		{D5F4BC9E-3587-42E4-B25B-426E71D25D2A}.Release|Any CPU.Build.0 = Release|Any CPU
		{EAF1378C-324B-4953-BAB5-5CA8DB34B6CB}.Debug|Any CPU.ActiveCfg = Debug|Any CPU
		{EAF1378C-324B-4953-BAB5-5CA8DB34B6CB}.Debug|Any CPU.Build.0 = Debug|Any CPU
		{EAF1378C-324B-4953-BAB5-5CA8DB34B6CB}.Release|Any CPU.ActiveCfg = Release|Any CPU
		{EAF1378C-324B-4953-BAB5-5CA8DB34B6CB}.Release|Any CPU.Build.0 = Release|Any CPU
		{58AA5E9A-7A09-4157-A4F2-AA69D3CFE402}.Debug|Any CPU.ActiveCfg = Debug|Any CPU
		{58AA5E9A-7A09-4157-A4F2-AA69D3CFE402}.Debug|Any CPU.Build.0 = Debug|Any CPU
		{58AA5E9A-7A09-4157-A4F2-AA69D3CFE402}.Release|Any CPU.ActiveCfg = Release|Any CPU
		{58AA5E9A-7A09-4157-A4F2-AA69D3CFE402}.Release|Any CPU.Build.0 = Release|Any CPU
		{B45A2AFD-781C-45A2-8394-6F9075EDE83B}.Debug|Any CPU.ActiveCfg = Debug|Any CPU
		{B45A2AFD-781C-45A2-8394-6F9075EDE83B}.Debug|Any CPU.Build.0 = Debug|Any CPU
		{B45A2AFD-781C-45A2-8394-6F9075EDE83B}.Release|Any CPU.ActiveCfg = Release|Any CPU
		{B45A2AFD-781C-45A2-8394-6F9075EDE83B}.Release|Any CPU.Build.0 = Release|Any CPU
	EndGlobalSection
EndGlobal
