
Microsoft Visual Studio Solution File, Format Version 12.00
Project("{FAE04EC0-301F-11D3-BF4B-00C04F79EFBC}") = "SqsPublisher", "Sqs\SqsPublisher\SqsPublisher.csproj", "{23DAD7FF-35A0-47B5-A789-BE67C405A825}"
EndProject
Project("{FAE04EC0-301F-11D3-BF4B-00C04F79EFBC}") = "SqsConsumer", "Sqs\SqsConsumer\SqsConsumer.csproj", "{254F5CCD-0CF4-4C2F-BCE3-E0CB216D79B4}"
EndProject
Project("{FAE04EC0-301F-11D3-BF4B-00C04F79EFBC}") = "Customers.Api", "Sqs\Customers.Api\Customers.Api.csproj", "{CC7A6C03-FA00-45AD-A3A9-FA145BAADABC}"
EndProject
Project("{FAE04EC0-301F-11D3-BF4B-00C04F79EFBC}") = "Customers.Consumer", "Sqs\Customers.Consumer\Customers.Consumer.csproj", "{BDF19EC5-EB1E-4B39-A6E1-E2F58CCB7723}"
EndProject
Global
	GlobalSection(SolutionConfigurationPlatforms) = preSolution
		Debug|Any CPU = Debug|Any CPU
		Release|Any CPU = Release|Any CPU
	EndGlobalSection
	GlobalSection(ProjectConfigurationPlatforms) = postSolution
		{23DAD7FF-35A0-47B5-A789-BE67C405A825}.Debug|Any CPU.ActiveCfg = Debug|Any CPU
		{23DAD7FF-35A0-47B5-A789-BE67C405A825}.Debug|Any CPU.Build.0 = Debug|Any CPU
		{23DAD7FF-35A0-47B5-A789-BE67C405A825}.Release|Any CPU.ActiveCfg = Release|Any CPU
		{23DAD7FF-35A0-47B5-A789-BE67C405A825}.Release|Any CPU.Build.0 = Release|Any CPU
		{254F5CCD-0CF4-4C2F-BCE3-E0CB216D79B4}.Debug|Any CPU.ActiveCfg = Debug|Any CPU
		{254F5CCD-0CF4-4C2F-BCE3-E0CB216D79B4}.Debug|Any CPU.Build.0 = Debug|Any CPU
		{254F5CCD-0CF4-4C2F-BCE3-E0CB216D79B4}.Release|Any CPU.ActiveCfg = Release|Any CPU
		{254F5CCD-0CF4-4C2F-BCE3-E0CB216D79B4}.Release|Any CPU.Build.0 = Release|Any CPU
		{CC7A6C03-FA00-45AD-A3A9-FA145BAADABC}.Debug|Any CPU.ActiveCfg = Debug|Any CPU
		{CC7A6C03-FA00-45AD-A3A9-FA145BAADABC}.Debug|Any CPU.Build.0 = Debug|Any CPU
		{CC7A6C03-FA00-45AD-A3A9-FA145BAADABC}.Release|Any CPU.ActiveCfg = Release|Any CPU
		{CC7A6C03-FA00-45AD-A3A9-FA145BAADABC}.Release|Any CPU.Build.0 = Release|Any CPU
		{BDF19EC5-EB1E-4B39-A6E1-E2F58CCB7723}.Debug|Any CPU.ActiveCfg = Debug|Any CPU
		{BDF19EC5-EB1E-4B39-A6E1-E2F58CCB7723}.Debug|Any CPU.Build.0 = Debug|Any CPU
		{BDF19EC5-EB1E-4B39-A6E1-E2F58CCB7723}.Release|Any CPU.ActiveCfg = Release|Any CPU
		{BDF19EC5-EB1E-4B39-A6E1-E2F58CCB7723}.Release|Any CPU.Build.0 = Release|Any CPU
	EndGlobalSection
EndGlobal
