
Microsoft Visual Studio Solution File, Format Version 12.00
Project("{FAE04EC0-301F-11D3-BF4B-00C04F79EFBC}") = "WebApiTest", "WebApiTest\WebApiTest.csproj", "{22811DBB-9B5B-48E3-9A2D-FD605EB7F2AD}"
EndProject
Project("{FAE04EC0-301F-11D3-BF4B-00C04F79EFBC}") = "Sevices", "Sevices\Sevices.csproj", "{8D823114-D87D-47B2-AA11-A9F899663C9A}"
EndProject
Global
	GlobalSection(SolutionConfigurationPlatforms) = preSolution
		Debug|Any CPU = Debug|Any CPU
		Release|Any CPU = Release|Any CPU
	EndGlobalSection
	GlobalSection(ProjectConfigurationPlatforms) = postSolution
		{22811DBB-9B5B-48E3-9A2D-FD605EB7F2AD}.Debug|Any CPU.ActiveCfg = Debug|Any CPU
		{22811DBB-9B5B-48E3-9A2D-FD605EB7F2AD}.Debug|Any CPU.Build.0 = Debug|Any CPU
		{22811DBB-9B5B-48E3-9A2D-FD605EB7F2AD}.Release|Any CPU.ActiveCfg = Release|Any CPU
		{22811DBB-9B5B-48E3-9A2D-FD605EB7F2AD}.Release|Any CPU.Build.0 = Release|Any CPU
		{8D823114-D87D-47B2-AA11-A9F899663C9A}.Debug|Any CPU.ActiveCfg = Debug|Any CPU
		{8D823114-D87D-47B2-AA11-A9F899663C9A}.Debug|Any CPU.Build.0 = Debug|Any CPU
		{8D823114-D87D-47B2-AA11-A9F899663C9A}.Release|Any CPU.ActiveCfg = Release|Any CPU
		{8D823114-D87D-47B2-AA11-A9F899663C9A}.Release|Any CPU.Build.0 = Release|Any CPU
	EndGlobalSection
EndGlobal
